
Microsoft Visual Studio Solution File, Format Version 12.00
# Visual Studio Version 16
VisualStudioVersion = 16.0.31702.278
MinimumVisualStudioVersion = 10.0.40219.1
Project("{8BC9CEB8-8B4A-11D0-8D11-00A0C91BC942}") = "Tyuiu.AramaAG.Sprint1", "Tyuiu.AramaAG.Sprint1.vcxproj", "{82BF1646-3636-4772-80F7-2C9613E54C7C}"
EndProject
Project("{2150E333-8FDC-42A3-9474-1A3956D46DE8}") = "Task0", "Task0", "{CA60A744-2602-4083-9D69-00D38584073B}"
EndProject
Project("{8BC9CEB8-8B4A-11D0-8D11-00A0C91BC942}") = "Tyuiu.AramaAG.Sprint1.Task0.V2", "Tyuiu.AramaAG.Sprint1.Task0.V2\Tyuiu.AramaAG.Sprint1.Task0.V2.vcxproj", "{228DD2E5-CA21-4546-9C6B-0D549B5BC83A}"
EndProject
Project("{8BC9CEB8-8B4A-11D0-8D11-00A0C91BC942}") = "Tyuiu.AramaAG.Sprint1.Task0.V2.Lib", "Tyuiu.AramaAG.Sprint1.Task0.V2.Lib\Tyuiu.AramaAG.Sprint1.Task0.V2.Lib.vcxproj", "{602B7D56-3002-40E9-AE8B-BA5B046F101C}"
EndProject
Project("{8BC9CEB8-8B4A-11D0-8D11-00A0C91BC942}") = "Tyuiu.AramaAG.Sprint1.Task0.V2.Test", "Tyuiu.AramaAG.Sprint1.Task0.V2.Test\Tyuiu.AramaAG.Sprint1.Task0.V2.Test.vcxproj", "{5DD2643C-C7E0-46DE-AFC7-D0D60607CFFF}"
EndProject
Project("{2150E333-8FDC-42A3-9474-1A3956D46DE8}") = "Task1", "Task1", "{81B873B9-CB78-4D72-B881-735DEDB9E9E4}"
EndProject
Project("{8BC9CEB8-8B4A-11D0-8D11-00A0C91BC942}") = "Tyuiu.AramaAG.Sprint1.Task1.V2.Test", "Tyuiu.AramaAG.Sprint1.Task1.V2.Test\Tyuiu.AramaAG.Sprint1.Task1.V2.Test.vcxproj", "{FA7413E7-3199-49E2-9DCB-9C41B4CE2092}"
EndProject
Project("{8BC9CEB8-8B4A-11D0-8D11-00A0C91BC942}") = "Tyuiu.AramaAG.Sprint1.Task1.V2.Lib", "Tyuiu.AramaAG.Sprint1.Task1.V2.Lib\Tyuiu.AramaAG.Sprint1.Task1.V2.Lib.vcxproj", "{B5F78B93-0BA9-4646-8892-A0D1E07275AD}"
EndProject
Project("{8BC9CEB8-8B4A-11D0-8D11-00A0C91BC942}") = "Tyuiu.AramaAG.Sprint1.Task1.V2", "Tyuiu.AramaAG.Sprint1.Task1.V2\Tyuiu.AramaAG.Sprint1.Task1.V2.vcxproj", "{5D223D15-BFDA-4626-979C-7923E3959C81}"
EndProject
Global
	GlobalSection(SolutionConfigurationPlatforms) = preSolution
		Debug|x64 = Debug|x64
		Debug|x86 = Debug|x86
		Release|x64 = Release|x64
		Release|x86 = Release|x86
	EndGlobalSection
	GlobalSection(ProjectConfigurationPlatforms) = postSolution
		{82BF1646-3636-4772-80F7-2C9613E54C7C}.Debug|x64.ActiveCfg = Debug|x64
		{82BF1646-3636-4772-80F7-2C9613E54C7C}.Debug|x64.Build.0 = Debug|x64
		{82BF1646-3636-4772-80F7-2C9613E54C7C}.Debug|x86.ActiveCfg = Debug|Win32
		{82BF1646-3636-4772-80F7-2C9613E54C7C}.Debug|x86.Build.0 = Debug|Win32
		{82BF1646-3636-4772-80F7-2C9613E54C7C}.Release|x64.ActiveCfg = Release|x64
		{82BF1646-3636-4772-80F7-2C9613E54C7C}.Release|x64.Build.0 = Release|x64
		{82BF1646-3636-4772-80F7-2C9613E54C7C}.Release|x86.ActiveCfg = Release|Win32
		{82BF1646-3636-4772-80F7-2C9613E54C7C}.Release|x86.Build.0 = Release|Win32
		{228DD2E5-CA21-4546-9C6B-0D549B5BC83A}.Debug|x64.ActiveCfg = Debug|x64
		{228DD2E5-CA21-4546-9C6B-0D549B5BC83A}.Debug|x64.Build.0 = Debug|x64
		{228DD2E5-CA21-4546-9C6B-0D549B5BC83A}.Debug|x86.ActiveCfg = Debug|Win32
		{228DD2E5-CA21-4546-9C6B-0D549B5BC83A}.Debug|x86.Build.0 = Debug|Win32
		{228DD2E5-CA21-4546-9C6B-0D549B5BC83A}.Release|x64.ActiveCfg = Release|x64
		{228DD2E5-CA21-4546-9C6B-0D549B5BC83A}.Release|x64.Build.0 = Release|x64
		{228DD2E5-CA21-4546-9C6B-0D549B5BC83A}.Release|x86.ActiveCfg = Release|Win32
		{228DD2E5-CA21-4546-9C6B-0D549B5BC83A}.Release|x86.Build.0 = Release|Win32
		{602B7D56-3002-40E9-AE8B-BA5B046F101C}.Debug|x64.ActiveCfg = Debug|x64
		{602B7D56-3002-40E9-AE8B-BA5B046F101C}.Debug|x64.Build.0 = Debug|x64
		{602B7D56-3002-40E9-AE8B-BA5B046F101C}.Debug|x86.ActiveCfg = Debug|Win32
		{602B7D56-3002-40E9-AE8B-BA5B046F101C}.Debug|x86.Build.0 = Debug|Win32
		{602B7D56-3002-40E9-AE8B-BA5B046F101C}.Release|x64.ActiveCfg = Release|x64
		{602B7D56-3002-40E9-AE8B-BA5B046F101C}.Release|x64.Build.0 = Release|x64
		{602B7D56-3002-40E9-AE8B-BA5B046F101C}.Release|x86.ActiveCfg = Release|Win32
		{602B7D56-3002-40E9-AE8B-BA5B046F101C}.Release|x86.Build.0 = Release|Win32
		{5DD2643C-C7E0-46DE-AFC7-D0D60607CFFF}.Debug|x64.ActiveCfg = Debug|x64
		{5DD2643C-C7E0-46DE-AFC7-D0D60607CFFF}.Debug|x64.Build.0 = Debug|x64
		{5DD2643C-C7E0-46DE-AFC7-D0D60607CFFF}.Debug|x86.ActiveCfg = Debug|Win32
		{5DD2643C-C7E0-46DE-AFC7-D0D60607CFFF}.Debug|x86.Build.0 = Debug|Win32
		{5DD2643C-C7E0-46DE-AFC7-D0D60607CFFF}.Release|x64.ActiveCfg = Release|x64
		{5DD2643C-C7E0-46DE-AFC7-D0D60607CFFF}.Release|x64.Build.0 = Release|x64
		{5DD2643C-C7E0-46DE-AFC7-D0D60607CFFF}.Release|x86.ActiveCfg = Release|Win32
		{5DD2643C-C7E0-46DE-AFC7-D0D60607CFFF}.Release|x86.Build.0 = Release|Win32
		{FA7413E7-3199-49E2-9DCB-9C41B4CE2092}.Debug|x64.ActiveCfg = Debug|x64
		{FA7413E7-3199-49E2-9DCB-9C41B4CE2092}.Debug|x64.Build.0 = Debug|x64
		{FA7413E7-3199-49E2-9DCB-9C41B4CE2092}.Debug|x86.ActiveCfg = Debug|Win32
		{FA7413E7-3199-49E2-9DCB-9C41B4CE2092}.Debug|x86.Build.0 = Debug|Win32
		{FA7413E7-3199-49E2-9DCB-9C41B4CE2092}.Release|x64.ActiveCfg = Release|x64
		{FA7413E7-3199-49E2-9DCB-9C41B4CE2092}.Release|x64.Build.0 = Release|x64
		{FA7413E7-3199-49E2-9DCB-9C41B4CE2092}.Release|x86.ActiveCfg = Release|Win32
		{FA7413E7-3199-49E2-9DCB-9C41B4CE2092}.Release|x86.Build.0 = Release|Win32
		{B5F78B93-0BA9-4646-8892-A0D1E07275AD}.Debug|x64.ActiveCfg = Debug|x64
		{B5F78B93-0BA9-4646-8892-A0D1E07275AD}.Debug|x64.Build.0 = Debug|x64
		{B5F78B93-0BA9-4646-8892-A0D1E07275AD}.Debug|x86.ActiveCfg = Debug|Win32
		{B5F78B93-0BA9-4646-8892-A0D1E07275AD}.Debug|x86.Build.0 = Debug|Win32
		{B5F78B93-0BA9-4646-8892-A0D1E07275AD}.Release|x64.ActiveCfg = Release|x64
		{B5F78B93-0BA9-4646-8892-A0D1E07275AD}.Release|x64.Build.0 = Release|x64
		{B5F78B93-0BA9-4646-8892-A0D1E07275AD}.Release|x86.ActiveCfg = Release|Win32
		{B5F78B93-0BA9-4646-8892-A0D1E07275AD}.Release|x86.Build.0 = Release|Win32
		{5D223D15-BFDA-4626-979C-7923E3959C81}.Debug|x64.ActiveCfg = Debug|x64
		{5D223D15-BFDA-4626-979C-7923E3959C81}.Debug|x64.Build.0 = Debug|x64
		{5D223D15-BFDA-4626-979C-7923E3959C81}.Debug|x86.ActiveCfg = Debug|Win32
		{5D223D15-BFDA-4626-979C-7923E3959C81}.Debug|x86.Build.0 = Debug|Win32
		{5D223D15-BFDA-4626-979C-7923E3959C81}.Release|x64.ActiveCfg = Release|x64
		{5D223D15-BFDA-4626-979C-7923E3959C81}.Release|x64.Build.0 = Release|x64
		{5D223D15-BFDA-4626-979C-7923E3959C81}.Release|x86.ActiveCfg = Release|Win32
		{5D223D15-BFDA-4626-979C-7923E3959C81}.Release|x86.Build.0 = Release|Win32
	EndGlobalSection
	GlobalSection(SolutionProperties) = preSolution
		HideSolutionNode = FALSE
	EndGlobalSection
	GlobalSection(NestedProjects) = preSolution
		{228DD2E5-CA21-4546-9C6B-0D549B5BC83A} = {CA60A744-2602-4083-9D69-00D38584073B}
		{602B7D56-3002-40E9-AE8B-BA5B046F101C} = {CA60A744-2602-4083-9D69-00D38584073B}
		{5DD2643C-C7E0-46DE-AFC7-D0D60607CFFF} = {CA60A744-2602-4083-9D69-00D38584073B}
		{FA7413E7-3199-49E2-9DCB-9C41B4CE2092} = {81B873B9-CB78-4D72-B881-735DEDB9E9E4}
		{B5F78B93-0BA9-4646-8892-A0D1E07275AD} = {81B873B9-CB78-4D72-B881-735DEDB9E9E4}
		{5D223D15-BFDA-4626-979C-7923E3959C81} = {81B873B9-CB78-4D72-B881-735DEDB9E9E4}
	EndGlobalSection
	GlobalSection(ExtensibilityGlobals) = postSolution
		SolutionGuid = {BB77128A-E940-4438-A555-7EA44813522C}
	EndGlobalSection
EndGlobal
