
Microsoft Visual Studio Solution File, Format Version 12.00
# Visual Studio Version 16
VisualStudioVersion = 16.0.31702.278
MinimumVisualStudioVersion = 10.0.40219.1
Project("{8BC9CEB8-8B4A-11D0-8D11-00A0C91BC942}") = "Tyuiu.AramaAG.Sprint1", "Tyuiu.AramaAG.Sprint1.vcxproj", "{82BF1646-3636-4772-80F7-2C9613E54C7C}"
EndProject
Project("{2150E333-8FDC-42A3-9474-1A3956D46DE8}") = "Task0", "Task0", "{CA60A744-2602-4083-9D69-00D38584073B}"
EndProject
Project("{8BC9CEB8-8B4A-11D0-8D11-00A0C91BC942}") = "Tyuiu.AramaAG.Sprint1.Task0.V2", "Tyuiu.AramaAG.Sprint1.Task0.V2\Tyuiu.AramaAG.Sprint1.Task0.V2.vcxproj", "{228DD2E5-CA21-4546-9C6B-0D549B5BC83A}"
EndProject
Project("{8BC9CEB8-8B4A-11D0-8D11-00A0C91BC942}") = "Tyuiu.AramaAG.Sprint1.Task0.V2.Lib", "Tyuiu.AramaAG.Sprint1.Task0.V2.Lib\Tyuiu.AramaAG.Sprint1.Task0.V2.Lib.vcxproj", "{602B7D56-3002-40E9-AE8B-BA5B046F101C}"
EndProject
Project("{8BC9CEB8-8B4A-11D0-8D11-00A0C91BC942}") = "Tyuiu.AramaAG.Sprint1.Task0.V2.Test", "Tyuiu.AramaAG.Sprint1.Task0.V2.Test\Tyuiu.AramaAG.Sprint1.Task0.V2.Test.vcxproj", "{5DD2643C-C7E0-46DE-AFC7-D0D60607CFFF}"
EndProject
Project("{2150E333-8FDC-42A3-9474-1A3956D46DE8}") = "Task1", "Task1", "{81B873B9-CB78-4D72-B881-735DEDB9E9E4}"
EndProject
Project("{8BC9CEB8-8B4A-11D0-8D11-00A0C91BC942}") = "Tyuiu.AramaAG.Sprint1.Task1.V2.Test", "Tyuiu.AramaAG.Sprint1.Task1.V2.Test\Tyuiu.AramaAG.Sprint1.Task1.V2.Test.vcxproj", "{FA7413E7-3199-49E2-9DCB-9C41B4CE2092}"
EndProject
Project("{8BC9CEB8-8B4A-11D0-8D11-00A0C91BC942}") = "Tyuiu.AramaAG.Sprint1.Task1.V2.Lib", "Tyuiu.AramaAG.Sprint1.Task1.V2.Lib\Tyuiu.AramaAG.Sprint1.Task1.V2.Lib.vcxproj", "{B5F78B93-0BA9-4646-8892-A0D1E07275AD}"
EndProject
Project("{8BC9CEB8-8B4A-11D0-8D11-00A0C91BC942}") = "Tyuiu.AramaAG.Sprint1.Task1.V2", "Tyuiu.AramaAG.Sprint1.Task1.V2\Tyuiu.AramaAG.Sprint1.Task1.V2.vcxproj", "{5D223D15-BFDA-4626-979C-7923E3959C81}"
EndProject
Project("{2150E333-8FDC-42A3-9474-1A3956D46DE8}") = "Task2", "Task2", "{15A930C0-E8CA-43F3-A36C-3413D9167E15}"
EndProject
Project("{8BC9CEB8-8B4A-11D0-8D11-00A0C91BC942}") = "Tyuiu.AramaAG.Sprint1.Task2.V2.Test", "Tyuiu.AramaAG.Sprint1.Task2.V2.Test\Tyuiu.AramaAG.Sprint1.Task2.V2.Test.vcxproj", "{03D4D4D9-5C9F-45A5-90D2-09B647427E8D}"
EndProject
Project("{8BC9CEB8-8B4A-11D0-8D11-00A0C91BC942}") = "Tyuiu.AramaAG.Sprint1.Task2.V2.Lib", "Tyuiu.AramaAG.Sprint1.Task2.V2.Lib\Tyuiu.AramaAG.Sprint1.Task2.V2.Lib.vcxproj", "{679AAE52-7B68-40CA-8E2F-955577815C2D}"
EndProject
Project("{8BC9CEB8-8B4A-11D0-8D11-00A0C91BC942}") = "Tyuiu.AramaAG.Sprint1.Task2.V2", "Tyuiu.AramaAG.Sprint1.Task2.V2\Tyuiu.AramaAG.Sprint1.Task2.V2.vcxproj", "{4209C27D-95A4-4190-BEA2-D6FD6E28EBEF}"
EndProject
Project("{2150E333-8FDC-42A3-9474-1A3956D46DE8}") = "Task3", "Task3", "{F32627E9-F7A6-456A-AE30-94E1F0F4986B}"
EndProject
Project("{8BC9CEB8-8B4A-11D0-8D11-00A0C91BC942}") = "Tyuiu.AramaAG.Sprint1.Task3.Lib", "Tyuiu.AramaAG.Sprint1.Task3.Lib\Tyuiu.AramaAG.Sprint1.Task3.Lib.vcxproj", "{4C86110A-25B4-4989-894F-32F7B22811A7}"
EndProject
Project("{8BC9CEB8-8B4A-11D0-8D11-00A0C91BC942}") = "Tyuiu.AramaAG.Sprint1.Task3", "Tyuiu.AramaAG.Sprint1.Task3\Tyuiu.AramaAG.Sprint1.Task3.vcxproj", "{615649D3-0AF8-4FC3-AC85-0A4B4EF265BD}"
EndProject
Project("{8BC9CEB8-8B4A-11D0-8D11-00A0C91BC942}") = "Tyuiu.AramaAG.Sprint1.Task3.Test", "Tyuiu.AramaAG.Sprint1.Task3.Test\Tyuiu.AramaAG.Sprint1.Task3.Test.vcxproj", "{777EBA45-0BAD-4F94-9A0F-C32D9A49A2F4}"
EndProject
Project("{2150E333-8FDC-42A3-9474-1A3956D46DE8}") = "Task4", "Task4", "{1F9BE8F4-33BE-4CE7-B524-127DCD2F0303}"
EndProject
Project("{8BC9CEB8-8B4A-11D0-8D11-00A0C91BC942}") = "Tyuiu.AramaAG.Sprint1.Task4.Test", "Tyuiu.AramaAG.Sprint1.Task4.Test\Tyuiu.AramaAG.Sprint1.Task4.Test.vcxproj", "{68268E94-21C2-4BD5-B8C9-9950C0A0F9CC}"
EndProject
Project("{8BC9CEB8-8B4A-11D0-8D11-00A0C91BC942}") = "Tyuiu.AramaAG.Sprint1.Task4.Lib", "Tyuiu.AramaAG.Sprint1.Task4.Lib\Tyuiu.AramaAG.Sprint1.Task4.Lib.vcxproj", "{D19EAB96-8F99-4774-BA45-A3134D69971A}"
EndProject
Project("{8BC9CEB8-8B4A-11D0-8D11-00A0C91BC942}") = "Tyuiu.AramaAG.Sprint1.Task4", "Tyuiu.AramaAG.Sprint1.Task4\Tyuiu.AramaAG.Sprint1.Task4.vcxproj", "{8C43577A-7A2F-46E6-A124-903C4444FD50}"
EndProject
Global
	GlobalSection(SolutionConfigurationPlatforms) = preSolution
		Debug|x64 = Debug|x64
		Debug|x86 = Debug|x86
		Release|x64 = Release|x64
		Release|x86 = Release|x86
	EndGlobalSection
	GlobalSection(ProjectConfigurationPlatforms) = postSolution
		{82BF1646-3636-4772-80F7-2C9613E54C7C}.Debug|x64.ActiveCfg = Debug|x64
		{82BF1646-3636-4772-80F7-2C9613E54C7C}.Debug|x64.Build.0 = Debug|x64
		{82BF1646-3636-4772-80F7-2C9613E54C7C}.Debug|x86.ActiveCfg = Debug|Win32
		{82BF1646-3636-4772-80F7-2C9613E54C7C}.Debug|x86.Build.0 = Debug|Win32
		{82BF1646-3636-4772-80F7-2C9613E54C7C}.Release|x64.ActiveCfg = Release|x64
		{82BF1646-3636-4772-80F7-2C9613E54C7C}.Release|x64.Build.0 = Release|x64
		{82BF1646-3636-4772-80F7-2C9613E54C7C}.Release|x86.ActiveCfg = Release|Win32
		{82BF1646-3636-4772-80F7-2C9613E54C7C}.Release|x86.Build.0 = Release|Win32
		{228DD2E5-CA21-4546-9C6B-0D549B5BC83A}.Debug|x64.ActiveCfg = Debug|x64
		{228DD2E5-CA21-4546-9C6B-0D549B5BC83A}.Debug|x64.Build.0 = Debug|x64
		{228DD2E5-CA21-4546-9C6B-0D549B5BC83A}.Debug|x86.ActiveCfg = Debug|Win32
		{228DD2E5-CA21-4546-9C6B-0D549B5BC83A}.Debug|x86.Build.0 = Debug|Win32
		{228DD2E5-CA21-4546-9C6B-0D549B5BC83A}.Release|x64.ActiveCfg = Release|x64
		{228DD2E5-CA21-4546-9C6B-0D549B5BC83A}.Release|x64.Build.0 = Release|x64
		{228DD2E5-CA21-4546-9C6B-0D549B5BC83A}.Release|x86.ActiveCfg = Release|Win32
		{228DD2E5-CA21-4546-9C6B-0D549B5BC83A}.Release|x86.Build.0 = Release|Win32
		{602B7D56-3002-40E9-AE8B-BA5B046F101C}.Debug|x64.ActiveCfg = Debug|x64
		{602B7D56-3002-40E9-AE8B-BA5B046F101C}.Debug|x64.Build.0 = Debug|x64
		{602B7D56-3002-40E9-AE8B-BA5B046F101C}.Debug|x86.ActiveCfg = Debug|Win32
		{602B7D56-3002-40E9-AE8B-BA5B046F101C}.Debug|x86.Build.0 = Debug|Win32
		{602B7D56-3002-40E9-AE8B-BA5B046F101C}.Release|x64.ActiveCfg = Release|x64
		{602B7D56-3002-40E9-AE8B-BA5B046F101C}.Release|x64.Build.0 = Release|x64
		{602B7D56-3002-40E9-AE8B-BA5B046F101C}.Release|x86.ActiveCfg = Release|Win32
		{602B7D56-3002-40E9-AE8B-BA5B046F101C}.Release|x86.Build.0 = Release|Win32
		{5DD2643C-C7E0-46DE-AFC7-D0D60607CFFF}.Debug|x64.ActiveCfg = Debug|x64
		{5DD2643C-C7E0-46DE-AFC7-D0D60607CFFF}.Debug|x64.Build.0 = Debug|x64
		{5DD2643C-C7E0-46DE-AFC7-D0D60607CFFF}.Debug|x86.ActiveCfg = Debug|Win32
		{5DD2643C-C7E0-46DE-AFC7-D0D60607CFFF}.Debug|x86.Build.0 = Debug|Win32
		{5DD2643C-C7E0-46DE-AFC7-D0D60607CFFF}.Release|x64.ActiveCfg = Release|x64
		{5DD2643C-C7E0-46DE-AFC7-D0D60607CFFF}.Release|x64.Build.0 = Release|x64
		{5DD2643C-C7E0-46DE-AFC7-D0D60607CFFF}.Release|x86.ActiveCfg = Release|Win32
		{5DD2643C-C7E0-46DE-AFC7-D0D60607CFFF}.Release|x86.Build.0 = Release|Win32
		{FA7413E7-3199-49E2-9DCB-9C41B4CE2092}.Debug|x64.ActiveCfg = Debug|x64
		{FA7413E7-3199-49E2-9DCB-9C41B4CE2092}.Debug|x64.Build.0 = Debug|x64
		{FA7413E7-3199-49E2-9DCB-9C41B4CE2092}.Debug|x86.ActiveCfg = Debug|Win32
		{FA7413E7-3199-49E2-9DCB-9C41B4CE2092}.Debug|x86.Build.0 = Debug|Win32
		{FA7413E7-3199-49E2-9DCB-9C41B4CE2092}.Release|x64.ActiveCfg = Release|x64
		{FA7413E7-3199-49E2-9DCB-9C41B4CE2092}.Release|x64.Build.0 = Release|x64
		{FA7413E7-3199-49E2-9DCB-9C41B4CE2092}.Release|x86.ActiveCfg = Release|Win32
		{FA7413E7-3199-49E2-9DCB-9C41B4CE2092}.Release|x86.Build.0 = Release|Win32
		{B5F78B93-0BA9-4646-8892-A0D1E07275AD}.Debug|x64.ActiveCfg = Debug|x64
		{B5F78B93-0BA9-4646-8892-A0D1E07275AD}.Debug|x64.Build.0 = Debug|x64
		{B5F78B93-0BA9-4646-8892-A0D1E07275AD}.Debug|x86.ActiveCfg = Debug|Win32
		{B5F78B93-0BA9-4646-8892-A0D1E07275AD}.Debug|x86.Build.0 = Debug|Win32
		{B5F78B93-0BA9-4646-8892-A0D1E07275AD}.Release|x64.ActiveCfg = Release|x64
		{B5F78B93-0BA9-4646-8892-A0D1E07275AD}.Release|x64.Build.0 = Release|x64
		{B5F78B93-0BA9-4646-8892-A0D1E07275AD}.Release|x86.ActiveCfg = Release|Win32
		{B5F78B93-0BA9-4646-8892-A0D1E07275AD}.Release|x86.Build.0 = Release|Win32
		{5D223D15-BFDA-4626-979C-7923E3959C81}.Debug|x64.ActiveCfg = Debug|x64
		{5D223D15-BFDA-4626-979C-7923E3959C81}.Debug|x64.Build.0 = Debug|x64
		{5D223D15-BFDA-4626-979C-7923E3959C81}.Debug|x86.ActiveCfg = Debug|Win32
		{5D223D15-BFDA-4626-979C-7923E3959C81}.Debug|x86.Build.0 = Debug|Win32
		{5D223D15-BFDA-4626-979C-7923E3959C81}.Release|x64.ActiveCfg = Release|x64
		{5D223D15-BFDA-4626-979C-7923E3959C81}.Release|x64.Build.0 = Release|x64
		{5D223D15-BFDA-4626-979C-7923E3959C81}.Release|x86.ActiveCfg = Release|Win32
		{5D223D15-BFDA-4626-979C-7923E3959C81}.Release|x86.Build.0 = Release|Win32
		{03D4D4D9-5C9F-45A5-90D2-09B647427E8D}.Debug|x64.ActiveCfg = Debug|x64
		{03D4D4D9-5C9F-45A5-90D2-09B647427E8D}.Debug|x64.Build.0 = Debug|x64
		{03D4D4D9-5C9F-45A5-90D2-09B647427E8D}.Debug|x86.ActiveCfg = Debug|Win32
		{03D4D4D9-5C9F-45A5-90D2-09B647427E8D}.Debug|x86.Build.0 = Debug|Win32
		{03D4D4D9-5C9F-45A5-90D2-09B647427E8D}.Release|x64.ActiveCfg = Release|x64
		{03D4D4D9-5C9F-45A5-90D2-09B647427E8D}.Release|x64.Build.0 = Release|x64
		{03D4D4D9-5C9F-45A5-90D2-09B647427E8D}.Release|x86.ActiveCfg = Release|Win32
		{03D4D4D9-5C9F-45A5-90D2-09B647427E8D}.Release|x86.Build.0 = Release|Win32
		{679AAE52-7B68-40CA-8E2F-955577815C2D}.Debug|x64.ActiveCfg = Debug|x64
		{679AAE52-7B68-40CA-8E2F-955577815C2D}.Debug|x64.Build.0 = Debug|x64
		{679AAE52-7B68-40CA-8E2F-955577815C2D}.Debug|x86.ActiveCfg = Debug|Win32
		{679AAE52-7B68-40CA-8E2F-955577815C2D}.Debug|x86.Build.0 = Debug|Win32
		{679AAE52-7B68-40CA-8E2F-955577815C2D}.Release|x64.ActiveCfg = Release|x64
		{679AAE52-7B68-40CA-8E2F-955577815C2D}.Release|x64.Build.0 = Release|x64
		{679AAE52-7B68-40CA-8E2F-955577815C2D}.Release|x86.ActiveCfg = Release|Win32
		{679AAE52-7B68-40CA-8E2F-955577815C2D}.Release|x86.Build.0 = Release|Win32
		{4209C27D-95A4-4190-BEA2-D6FD6E28EBEF}.Debug|x64.ActiveCfg = Debug|x64
		{4209C27D-95A4-4190-BEA2-D6FD6E28EBEF}.Debug|x64.Build.0 = Debug|x64
		{4209C27D-95A4-4190-BEA2-D6FD6E28EBEF}.Debug|x86.ActiveCfg = Debug|Win32
		{4209C27D-95A4-4190-BEA2-D6FD6E28EBEF}.Debug|x86.Build.0 = Debug|Win32
		{4209C27D-95A4-4190-BEA2-D6FD6E28EBEF}.Release|x64.ActiveCfg = Release|x64
		{4209C27D-95A4-4190-BEA2-D6FD6E28EBEF}.Release|x64.Build.0 = Release|x64
		{4209C27D-95A4-4190-BEA2-D6FD6E28EBEF}.Release|x86.ActiveCfg = Release|Win32
		{4209C27D-95A4-4190-BEA2-D6FD6E28EBEF}.Release|x86.Build.0 = Release|Win32
		{4C86110A-25B4-4989-894F-32F7B22811A7}.Debug|x64.ActiveCfg = Debug|x64
		{4C86110A-25B4-4989-894F-32F7B22811A7}.Debug|x64.Build.0 = Debug|x64
		{4C86110A-25B4-4989-894F-32F7B22811A7}.Debug|x86.ActiveCfg = Debug|Win32
		{4C86110A-25B4-4989-894F-32F7B22811A7}.Debug|x86.Build.0 = Debug|Win32
		{4C86110A-25B4-4989-894F-32F7B22811A7}.Release|x64.ActiveCfg = Release|x64
		{4C86110A-25B4-4989-894F-32F7B22811A7}.Release|x64.Build.0 = Release|x64
		{4C86110A-25B4-4989-894F-32F7B22811A7}.Release|x86.ActiveCfg = Release|Win32
		{4C86110A-25B4-4989-894F-32F7B22811A7}.Release|x86.Build.0 = Release|Win32
		{615649D3-0AF8-4FC3-AC85-0A4B4EF265BD}.Debug|x64.ActiveCfg = Debug|x64
		{615649D3-0AF8-4FC3-AC85-0A4B4EF265BD}.Debug|x64.Build.0 = Debug|x64
		{615649D3-0AF8-4FC3-AC85-0A4B4EF265BD}.Debug|x86.ActiveCfg = Debug|Win32
		{615649D3-0AF8-4FC3-AC85-0A4B4EF265BD}.Debug|x86.Build.0 = Debug|Win32
		{615649D3-0AF8-4FC3-AC85-0A4B4EF265BD}.Release|x64.ActiveCfg = Release|x64
		{615649D3-0AF8-4FC3-AC85-0A4B4EF265BD}.Release|x64.Build.0 = Release|x64
		{615649D3-0AF8-4FC3-AC85-0A4B4EF265BD}.Release|x86.ActiveCfg = Release|Win32
		{615649D3-0AF8-4FC3-AC85-0A4B4EF265BD}.Release|x86.Build.0 = Release|Win32
		{777EBA45-0BAD-4F94-9A0F-C32D9A49A2F4}.Debug|x64.ActiveCfg = Debug|x64
		{777EBA45-0BAD-4F94-9A0F-C32D9A49A2F4}.Debug|x64.Build.0 = Debug|x64
		{777EBA45-0BAD-4F94-9A0F-C32D9A49A2F4}.Debug|x86.ActiveCfg = Debug|Win32
		{777EBA45-0BAD-4F94-9A0F-C32D9A49A2F4}.Debug|x86.Build.0 = Debug|Win32
		{777EBA45-0BAD-4F94-9A0F-C32D9A49A2F4}.Release|x64.ActiveCfg = Release|x64
		{777EBA45-0BAD-4F94-9A0F-C32D9A49A2F4}.Release|x64.Build.0 = Release|x64
		{777EBA45-0BAD-4F94-9A0F-C32D9A49A2F4}.Release|x86.ActiveCfg = Release|Win32
		{777EBA45-0BAD-4F94-9A0F-C32D9A49A2F4}.Release|x86.Build.0 = Release|Win32
		{68268E94-21C2-4BD5-B8C9-9950C0A0F9CC}.Debug|x64.ActiveCfg = Debug|x64
		{68268E94-21C2-4BD5-B8C9-9950C0A0F9CC}.Debug|x64.Build.0 = Debug|x64
		{68268E94-21C2-4BD5-B8C9-9950C0A0F9CC}.Debug|x86.ActiveCfg = Debug|Win32
		{68268E94-21C2-4BD5-B8C9-9950C0A0F9CC}.Debug|x86.Build.0 = Debug|Win32
		{68268E94-21C2-4BD5-B8C9-9950C0A0F9CC}.Release|x64.ActiveCfg = Release|x64
		{68268E94-21C2-4BD5-B8C9-9950C0A0F9CC}.Release|x64.Build.0 = Release|x64
		{68268E94-21C2-4BD5-B8C9-9950C0A0F9CC}.Release|x86.ActiveCfg = Release|Win32
		{68268E94-21C2-4BD5-B8C9-9950C0A0F9CC}.Release|x86.Build.0 = Release|Win32
		{D19EAB96-8F99-4774-BA45-A3134D69971A}.Debug|x64.ActiveCfg = Debug|x64
		{D19EAB96-8F99-4774-BA45-A3134D69971A}.Debug|x64.Build.0 = Debug|x64
		{D19EAB96-8F99-4774-BA45-A3134D69971A}.Debug|x86.ActiveCfg = Debug|Win32
		{D19EAB96-8F99-4774-BA45-A3134D69971A}.Debug|x86.Build.0 = Debug|Win32
		{D19EAB96-8F99-4774-BA45-A3134D69971A}.Release|x64.ActiveCfg = Release|x64
		{D19EAB96-8F99-4774-BA45-A3134D69971A}.Release|x64.Build.0 = Release|x64
		{D19EAB96-8F99-4774-BA45-A3134D69971A}.Release|x86.ActiveCfg = Release|Win32
		{D19EAB96-8F99-4774-BA45-A3134D69971A}.Release|x86.Build.0 = Release|Win32
		{8C43577A-7A2F-46E6-A124-903C4444FD50}.Debug|x64.ActiveCfg = Debug|x64
		{8C43577A-7A2F-46E6-A124-903C4444FD50}.Debug|x64.Build.0 = Debug|x64
		{8C43577A-7A2F-46E6-A124-903C4444FD50}.Debug|x86.ActiveCfg = Debug|Win32
		{8C43577A-7A2F-46E6-A124-903C4444FD50}.Debug|x86.Build.0 = Debug|Win32
		{8C43577A-7A2F-46E6-A124-903C4444FD50}.Release|x64.ActiveCfg = Release|x64
		{8C43577A-7A2F-46E6-A124-903C4444FD50}.Release|x64.Build.0 = Release|x64
		{8C43577A-7A2F-46E6-A124-903C4444FD50}.Release|x86.ActiveCfg = Release|Win32
		{8C43577A-7A2F-46E6-A124-903C4444FD50}.Release|x86.Build.0 = Release|Win32
	EndGlobalSection
	GlobalSection(SolutionProperties) = preSolution
		HideSolutionNode = FALSE
	EndGlobalSection
	GlobalSection(NestedProjects) = preSolution
		{228DD2E5-CA21-4546-9C6B-0D549B5BC83A} = {CA60A744-2602-4083-9D69-00D38584073B}
		{602B7D56-3002-40E9-AE8B-BA5B046F101C} = {CA60A744-2602-4083-9D69-00D38584073B}
		{5DD2643C-C7E0-46DE-AFC7-D0D60607CFFF} = {CA60A744-2602-4083-9D69-00D38584073B}
		{FA7413E7-3199-49E2-9DCB-9C41B4CE2092} = {81B873B9-CB78-4D72-B881-735DEDB9E9E4}
		{B5F78B93-0BA9-4646-8892-A0D1E07275AD} = {81B873B9-CB78-4D72-B881-735DEDB9E9E4}
		{5D223D15-BFDA-4626-979C-7923E3959C81} = {81B873B9-CB78-4D72-B881-735DEDB9E9E4}
		{03D4D4D9-5C9F-45A5-90D2-09B647427E8D} = {15A930C0-E8CA-43F3-A36C-3413D9167E15}
		{679AAE52-7B68-40CA-8E2F-955577815C2D} = {15A930C0-E8CA-43F3-A36C-3413D9167E15}
		{4209C27D-95A4-4190-BEA2-D6FD6E28EBEF} = {15A930C0-E8CA-43F3-A36C-3413D9167E15}
		{4C86110A-25B4-4989-894F-32F7B22811A7} = {F32627E9-F7A6-456A-AE30-94E1F0F4986B}
		{615649D3-0AF8-4FC3-AC85-0A4B4EF265BD} = {F32627E9-F7A6-456A-AE30-94E1F0F4986B}
		{777EBA45-0BAD-4F94-9A0F-C32D9A49A2F4} = {F32627E9-F7A6-456A-AE30-94E1F0F4986B}
		{68268E94-21C2-4BD5-B8C9-9950C0A0F9CC} = {1F9BE8F4-33BE-4CE7-B524-127DCD2F0303}
		{D19EAB96-8F99-4774-BA45-A3134D69971A} = {1F9BE8F4-33BE-4CE7-B524-127DCD2F0303}
		{8C43577A-7A2F-46E6-A124-903C4444FD50} = {1F9BE8F4-33BE-4CE7-B524-127DCD2F0303}
	EndGlobalSection
	GlobalSection(ExtensibilityGlobals) = postSolution
		SolutionGuid = {BB77128A-E940-4438-A555-7EA44813522C}
	EndGlobalSection
EndGlobal
